
Microsoft Visual Studio Solution File, Format Version 12.00
# Visual Studio Version 16
VisualStudioVersion = 16.0.31025.194
MinimumVisualStudioVersion = 10.0.40219.1
Project("{FAE04EC0-301F-11D3-BF4B-00C04F79EFBC}") = "ContactsAPI", "ContactsAPI\ContactsAPI.csproj", "{ADA64B25-262C-45FB-BB15-325E10D987A2}"
EndProject
Global
	GlobalSection(SolutionConfigurationPlatforms) = preSolution
		Debug|Any CPU = Debug|Any CPU
		Release|Any CPU = Release|Any CPU
	EndGlobalSection
	GlobalSection(ProjectConfigurationPlatforms) = postSolution
		{ADA64B25-262C-45FB-BB15-325E10D987A2}.Debug|Any CPU.ActiveCfg = Debug|Any CPU
		{ADA64B25-262C-45FB-BB15-325E10D987A2}.Debug|Any CPU.Build.0 = Debug|Any CPU
		{ADA64B25-262C-45FB-BB15-325E10D987A2}.Release|Any CPU.ActiveCfg = Release|Any CPU
		{ADA64B25-262C-45FB-BB15-325E10D987A2}.Release|Any CPU.Build.0 = Release|Any CPU
	EndGlobalSection
	GlobalSection(SolutionProperties) = preSolution
		HideSolutionNode = FALSE
	EndGlobalSection
	GlobalSection(ExtensibilityGlobals) = postSolution
		SolutionGuid = {4F3554C0-1299-4FD7-A1DE-984CB98F3C15}
	EndGlobalSection
EndGlobal
